Microsoft Visual Studio Solution File, Format Version 12.00
# Visual Studio Version 16
VisualStudioVersion = 16.0.30621.155
MinimumVisualStudioVersion = 10.0.40219.1
Project("{9A19103F-16F7-4668-BE54-9A1E7A4F7556}") = "Infrastructure", "Infrastructure\Infrastructure.csproj", "{FDE91BD1-5DEB-43BD-8A34-018C7B89E7A7}"
EndProject
Project("{9A19103F-16F7-4668-BE54-9A1E7A4F7556}") = "Application", "Application\Application.csproj", "{C53F3AE3-E3BB-4B7F-8649-B9BB3760BAFC}"
EndProject
Project("{9A19103F-16F7-4668-BE54-9A1E7A4F7556}") = "ASD_UserManager", "ASD_UserManager\ASD_UserManager.csproj", "{8FD01509-0C9F-4821-AC83-1466C3663364}"
EndProject
Project("{FAE04EC0-301F-11D3-BF4B-00C04F79EFBC}") = "Domain", "Domain\Domain.csproj", "{319B8E3A-27C0-44DD-8C6E-41C4BA724C1E}"
EndProject
Global
	GlobalSection(SolutionConfigurationPlatforms) = preSolution
		Debug|anycpu = Debug|anycpu
		Release|anycpu = Release|anycpu
	EndGlobalSection
	GlobalSection(ProjectConfigurationPlatforms) = postSolution
		{FDE91BD1-5DEB-43BD-8A34-018C7B89E7A7}.Debug|anycpu.ActiveCfg = Debug|Any CPU
		{FDE91BD1-5DEB-43BD-8A34-018C7B89E7A7}.Debug|anycpu.Build.0 = Debug|Any CPU
		{FDE91BD1-5DEB-43BD-8A34-018C7B89E7A7}.Release|anycpu.ActiveCfg = Release|Any CPU
		{FDE91BD1-5DEB-43BD-8A34-018C7B89E7A7}.Release|anycpu.Build.0 = Release|Any CPU
		{C53F3AE3-E3BB-4B7F-8649-B9BB3760BAFC}.Debug|anycpu.ActiveCfg = Debug|Any CPU
		{C53F3AE3-E3BB-4B7F-8649-B9BB3760BAFC}.Debug|anycpu.Build.0 = Debug|Any CPU
		{C53F3AE3-E3BB-4B7F-8649-B9BB3760BAFC}.Release|anycpu.ActiveCfg = Release|Any CPU
		{C53F3AE3-E3BB-4B7F-8649-B9BB3760BAFC}.Release|anycpu.Build.0 = Release|Any CPU
		{8FD01509-0C9F-4821-AC83-1466C3663364}.Debug|anycpu.ActiveCfg = Debug|Any CPU
		{8FD01509-0C9F-4821-AC83-1466C3663364}.Debug|anycpu.Build.0 = Debug|Any CPU
		{8FD01509-0C9F-4821-AC83-1466C3663364}.Release|anycpu.ActiveCfg = Release|Any CPU
		{8FD01509-0C9F-4821-AC83-1466C3663364}.Release|anycpu.Build.0 = Release|Any CPU
		{319B8E3A-27C0-44DD-8C6E-41C4BA724C1E}.Debug|anycpu.ActiveCfg = Debug|Any CPU
		{319B8E3A-27C0-44DD-8C6E-41C4BA724C1E}.Debug|anycpu.Build.0 = Debug|Any CPU
		{319B8E3A-27C0-44DD-8C6E-41C4BA724C1E}.Release|anycpu.ActiveCfg = Release|Any CPU
		{319B8E3A-27C0-44DD-8C6E-41C4BA724C1E}.Release|anycpu.Build.0 = Release|Any CPU
	EndGlobalSection
	GlobalSection(SolutionProperties) = preSolution
		HideSolutionNode = FALSE
	EndGlobalSection
	GlobalSection(ExtensibilityGlobals) = postSolution
		SolutionGuid = {5F9E35F2-C1F1-4B36-8DE5-01AAFE313DFE}
	EndGlobalSection
EndGlobal
